<?xml version="1.0" encoding="utf-8"?>
<Project ToolsVersion="4.0" xmlns="http://schemas.microsoft.com/developer/msbuild/2003">
  <ItemGroup>
    <Filter Include="Source Files">
      <UniqueIdentifier>{4FC737F1-C7A5-4376-A066-2A32D752A2FF}</UniqueIdentifier>
      <Extensions>cpp;c;cc;cxx;c++;cppm;ixx;def;odl;idl;hpj;bat;asm;asmx</Extensions>
    </Filter>
    <Filter Include="Header Files">
      <UniqueIdentifier>{93995380-89BD-4b04-88EB-625FBE52EBFB}</UniqueIdentifier>
      <Extensions>h;hh;hpp;hxx;h++;hm;inl;inc;ipp;xsd</Extensions>
    </Filter>
    <Filter Include="Resource Files">
      <UniqueIdentifier>{67DA6AB6-F800-4c08-8B7A-83BB121AAD01}</UniqueIdentifier>
      <Extensions>rc;ico;cur;bmp;dlg;rc2;rct;bin;rgs;gif;jpg;jpeg;jpe;resx;tiff;tif;png;wav;mfcribbon-ms</Extensions>
    </Filter>
  </ItemGroup>
  <ItemGroup>
    <None Include="Configurations\Graphics_win32.props" />
    <None Include="Configurations\Graphics_x64.props" />
    <None Include="Debug\Project Two.exe.recipe" />
    <None Include="glew32.dll" />
    <None Include="Release\Project Two.exe.recipe" />
  </ItemGroup>
  <ItemGroup>
    <Text Include="Debug\Project Two.Build.CppClean.log" />
    <Text Include="Debug\Project Two.log" />
    <Text Include="Debug\Project Two.vcxproj.FileListAbsolute.txt" />
    <Text Include="Release\Project Two.log" />
  </ItemGroup>
  <ItemGroup>
    <ClInclude Include="Headers\camera.h">
      <Filter>Header Files</Filter>
    </ClInclude>
    <ClInclude Include="Headers\shader.hpp">
      <Filter>Header Files</Filter>
    </ClInclude>
    <ClInclude Include="Headers\stb_image.h">
      <Filter>Header Files</Filter>
    </ClInclude>
  </ItemGroup>
  <ItemGroup>
    <ClCompile Include="Source\camera.cpp">
      <Filter>Source Files</Filter>
    </ClCompile>
    <ClCompile Include="Source\glad.c">
      <Filter>Source Files</Filter>
    </ClCompile>
    <ClCompile Include="Source\main.cpp">
      <Filter>Source Files</Filter>
    </ClCompile>
    <ClCompile Include="Source\shader.cpp">
      <Filter>Source Files</Filter>
    </ClCompile>
  </ItemGroup>
  <ItemGroup>
    <Image Include="Textures\cat.jpg">
      <Filter>Resource Files</Filter>
    </Image>
    <Image Include="Textures\handle.jpg">
      <Filter>Resource Files</Filter>
    </Image>
    <Image Include="Textures\wood_image.jpg">
      <Filter>Resource Files</Filter>
    </Image>
  </ItemGroup>
</Project>